{
    "name": "udacity-hosting-a-full-stack-application-udagram",
    "version": "1.0.0",
    "lockfileVersion": 2,
    "requires": true,
    "packages": {
        "": {
            "name": "udacity-hosting-a-full-stack-application-udagram",
            "version": "1.0.0",
            "hasInstallScript": true
        }
    }
}
